
Microsoft Visual Studio Solution File, Format Version 12.00
Project("{FAE04EC0-301F-11D3-BF4B-00C04F79EFBC}") = "MainProgram", "MainProgram\MainProgram.csproj", "{8B606044-0F39-4992-A4C4-F20BEF9DB7E5}"
EndProject
Project("{FAE04EC0-301F-11D3-BF4B-00C04F79EFBC}") = "Testing", "Testing\Testing.csproj", "{CC340AC7-F805-4E93-BB84-B38C930C514F}"
EndProject
Global
	GlobalSection(SolutionConfigurationPlatforms) = preSolution
		Debug|Any CPU = Debug|Any CPU
		Release|Any CPU = Release|Any CPU
	EndGlobalSection
	GlobalSection(ProjectConfigurationPlatforms) = postSolution
		{8B606044-0F39-4992-A4C4-F20BEF9DB7E5}.Debug|Any CPU.ActiveCfg = Debug|Any CPU
		{8B606044-0F39-4992-A4C4-F20BEF9DB7E5}.Debug|Any CPU.Build.0 = Debug|Any CPU
		{8B606044-0F39-4992-A4C4-F20BEF9DB7E5}.Release|Any CPU.ActiveCfg = Release|Any CPU
		{8B606044-0F39-4992-A4C4-F20BEF9DB7E5}.Release|Any CPU.Build.0 = Release|Any CPU
		{CC340AC7-F805-4E93-BB84-B38C930C514F}.Debug|Any CPU.ActiveCfg = Debug|Any CPU
		{CC340AC7-F805-4E93-BB84-B38C930C514F}.Debug|Any CPU.Build.0 = Debug|Any CPU
		{CC340AC7-F805-4E93-BB84-B38C930C514F}.Release|Any CPU.ActiveCfg = Release|Any CPU
		{CC340AC7-F805-4E93-BB84-B38C930C514F}.Release|Any CPU.Build.0 = Release|Any CPU
	EndGlobalSection
EndGlobal
